
Microsoft Visual Studio Solution File, Format Version 12.00
# Visual Studio 14
VisualStudioVersion = 14.0.25420.1
MinimumVisualStudioVersion = 10.0.40219.1
Project("{FAE04EC0-301F-11D3-BF4B-00C04F79EFBC}") = "SAPyTools", "SAPyTools\SAPyTools.csproj", "{02F088F0-9B82-4ED3-B548-3101917F1BDD}"
EndProject
Project("{888888A0-9F3D-457C-B088-3A5042F75D52}") = "SADemo", "SADemo\SADemo.pyproj", "{E268CFED-E20C-45B2-8716-4F66F0E298B1}"
EndProject
Global
	GlobalSection(SolutionConfigurationPlatforms) = preSolution
		Debug|Any CPU = Debug|Any CPU
		Release|Any CPU = Release|Any CPU
	EndGlobalSection
	GlobalSection(ProjectConfigurationPlatforms) = postSolution
		{02F088F0-9B82-4ED3-B548-3101917F1BDD}.Debug|Any CPU.ActiveCfg = Debug|Any CPU
		{02F088F0-9B82-4ED3-B548-3101917F1BDD}.Debug|Any CPU.Build.0 = Debug|Any CPU
		{02F088F0-9B82-4ED3-B548-3101917F1BDD}.Release|Any CPU.ActiveCfg = Release|Any CPU
		{02F088F0-9B82-4ED3-B548-3101917F1BDD}.Release|Any CPU.Build.0 = Release|Any CPU
		{E268CFED-E20C-45B2-8716-4F66F0E298B1}.Debug|Any CPU.ActiveCfg = Debug|Any CPU
		{E268CFED-E20C-45B2-8716-4F66F0E298B1}.Release|Any CPU.ActiveCfg = Release|Any CPU
	EndGlobalSection
	GlobalSection(SolutionProperties) = preSolution
		HideSolutionNode = FALSE
	EndGlobalSection
EndGlobal
